
Microsoft Visual Studio Solution File, Format Version 12.00
# Visual Studio 15
VisualStudioVersion = 15.0.28307.645
MinimumVisualStudioVersion = 10.0.40219.1
Project("{FAE04EC0-301F-11D3-BF4B-00C04F79EFBC}") = "WebProject_T01", "WebProject_T01\WebProject_T01.csproj", "{201D6578-CC03-4FB8-9A5D-0345ECC14D8A}"
EndProject
Project("{FAE04EC0-301F-11D3-BF4B-00C04F79EFBC}") = "BzModel", "BzModel\BzModel.csproj", "{DF801BDF-F010-44BB-800E-050A1C4CF64E}"
EndProject
Project("{FAE04EC0-301F-11D3-BF4B-00C04F79EFBC}") = "BzLogic", "BzLogic\BzLogic.csproj", "{DE369BC0-9A06-449E-9E99-D97BF0EB7607}"
EndProject
Global
	GlobalSection(SolutionConfigurationPlatforms) = preSolution
		Debug|Any CPU = Debug|Any CPU
		Release|Any CPU = Release|Any CPU
	EndGlobalSection
	GlobalSection(ProjectConfigurationPlatforms) = postSolution
		{201D6578-CC03-4FB8-9A5D-0345ECC14D8A}.Debug|Any CPU.ActiveCfg = Debug|Any CPU
		{201D6578-CC03-4FB8-9A5D-0345ECC14D8A}.Debug|Any CPU.Build.0 = Debug|Any CPU
		{201D6578-CC03-4FB8-9A5D-0345ECC14D8A}.Release|Any CPU.ActiveCfg = Release|Any CPU
		{201D6578-CC03-4FB8-9A5D-0345ECC14D8A}.Release|Any CPU.Build.0 = Release|Any CPU
		{DF801BDF-F010-44BB-800E-050A1C4CF64E}.Debug|Any CPU.ActiveCfg = Debug|Any CPU
		{DF801BDF-F010-44BB-800E-050A1C4CF64E}.Debug|Any CPU.Build.0 = Debug|Any CPU
		{DF801BDF-F010-44BB-800E-050A1C4CF64E}.Release|Any CPU.ActiveCfg = Release|Any CPU
		{DF801BDF-F010-44BB-800E-050A1C4CF64E}.Release|Any CPU.Build.0 = Release|Any CPU
		{DE369BC0-9A06-449E-9E99-D97BF0EB7607}.Debug|Any CPU.ActiveCfg = Debug|Any CPU
		{DE369BC0-9A06-449E-9E99-D97BF0EB7607}.Debug|Any CPU.Build.0 = Debug|Any CPU
		{DE369BC0-9A06-449E-9E99-D97BF0EB7607}.Release|Any CPU.ActiveCfg = Release|Any CPU
		{DE369BC0-9A06-449E-9E99-D97BF0EB7607}.Release|Any CPU.Build.0 = Release|Any CPU
	EndGlobalSection
	GlobalSection(SolutionProperties) = preSolution
		HideSolutionNode = FALSE
	EndGlobalSection
	GlobalSection(ExtensibilityGlobals) = postSolution
		SolutionGuid = {625551C1-CDDC-4EFE-AB77-98506633BA4C}
	EndGlobalSection
EndGlobal
